// !$*UTF8*$!
{
	archiveVersion = 1;
	classes = {
	};
	objectVersion = 56;
	objects = {

/* Begin PBXBuildFile section */
		1FC4387B2A3C999300B645F0 /* AppDelegate.swift in Sources */ = {isa = PBXBuildFile; fileRef = 1FC4387A2A3C999300B645F0 /* AppDelegate.swift */; };
		1FC4387D2A3C999300B645F0 /* SceneDelegate.swift in Sources */ = {isa = PBXBuildFile; fileRef = 1FC4387C2A3C999300B645F0 /* SceneDelegate.swift */; };
		1FC4387F2A3C999300B645F0 /* ViewController.swift in Sources */ = {isa = PBXBuildFile; fileRef = 1FC4387E2A3C999300B645F0 /* ViewController.swift */; };
		1FC438822A3C999300B645F0 /* Main.storyboard in Resources */ = {isa = PBXBuildFile; fileRef = 1FC438802A3C999300B645F0 /* Main.storyboard */; };
		1FC438842A3C999600B645F0 /* Assets.xcassets in Resources */ = {isa = PBXBuildFile; fileRef = 1FC438832A3C999600B645F0 /* Assets.xcassets */; };
		1FC438872A3C999600B645F0 /* LaunchScreen.storyboard in Resources */ = {isa = PBXBuildFile; fileRef = 1FC438852A3C999600B645F0 /* LaunchScreen.storyboard */; };
		1FC438902A3C9A3900B645F0 /* SpringAnimation in Frameworks */ = {isa = PBXBuildFile; productRef = 1FC4388F2A3C9A3900B645F0 /* SpringAnimation */; };
		1FC438952A3C9AC400B645F0 /* SpringInfoStore.swift in Sources */ = {isa = PBXBuildFile; fileRef = 1FC438942A3C9AC400B645F0 /* SpringInfoStore.swift */; };
/* End PBXBuildFile section */

/* Begin PBXFileReference section */
		1FC438772A3C999300B645F0 /* SpringAnimationHW.app */ = {isa = PBXFileReference; explicitFileType = wrapper.application; includeInIndex = 0; path = SpringAnimationHW.app; sourceTree = BUILT_PRODUCTS_DIR; };
		1FC4387A2A3C999300B645F0 /* AppDelegate.swift */ = {isa = PBXFileReference; lastKnownFileType = sourcecode.swift; path = AppDelegate.swift; sourceTree = "<group>"; };
		1FC4387C2A3C999300B645F0 /* SceneDelegate.swift */ = {isa = PBXFileReference; lastKnownFileType = sourcecode.swift; path = SceneDelegate.swift; sourceTree = "<group>"; };
		1FC4387E2A3C999300B645F0 /* ViewController.swift */ = {isa = PBXFileReference; lastKnownFileType = sourcecode.swift; path = ViewController.swift; sourceTree = "<group>"; };
		1FC438812A3C999300B645F0 /* Base */ = {isa = PBXFileReference; lastKnownFileType = file.storyboard; name = Base; path = Base.lproj/Main.storyboard; sourceTree = "<group>"; };
		1FC438832A3C999600B645F0 /* Assets.xcassets */ = {isa = PBXFileReference; lastKnownFileType = folder.assetcatalog; path = Assets.xcassets; sourceTree = "<group>"; };
		1FC438862A3C999600B645F0 /* Base */ = {isa = PBXFileReference; lastKnownFileType = file.storyboard; name = Base; path = Base.lproj/LaunchScreen.storyboard; sourceTree = "<group>"; };
		1FC438882A3C999600B645F0 /* Info.plist */ = {isa = PBXFileReference; lastKnownFileType = text.plist.xml; path = Info.plist; sourceTree = "<group>"; };
		1FC438942A3C9AC400B645F0 /* SpringInfoStore.swift */ = {isa = PBXFileReference; lastKnownFileType = sourcecode.swift; path = SpringInfoStore.swift; sourceTree = "<group>"; };
/* End PBXFileReference section */

/* Begin PBXFrameworksBuildPhase section */
		1FC438742A3C999300B645F0 /* Frameworks */ = {
			isa = PBXFrameworksBuildPhase;
			buildActionMask = 2147483647;
			files = (
				1FC438902A3C9A3900B645F0 /* SpringAnimation in Frameworks */,
			);
			runOnlyForDeploymentPostprocessing = 0;
		};
/* End PBXFrameworksBuildPhase section */

/* Begin PBXGroup section */
		1FC4386E2A3C999300B645F0 = {
			isa = PBXGroup;
			children = (
				1FC438792A3C999300B645F0 /* SpringAnimationHW */,
				1FC438782A3C999300B645F0 /* Products */,
			);
			sourceTree = "<group>";
		};
		1FC438782A3C999300B645F0 /* Products */ = {
			isa = PBXGroup;
			children = (
				1FC438772A3C999300B645F0 /* SpringAnimationHW.app */,
			);
			name = Products;
			sourceTree = "<group>";
		};
		1FC438792A3C999300B645F0 /* SpringAnimationHW */ = {
			isa = PBXGroup;
			children = (
				1FC438962A3C9B0100B645F0 /* Services */,
				1FC438912A3C9A4B00B645F0 /* Config */,
				1FC438932A3C9A7300B645F0 /* View Controllers */,
				1FC438922A3C9A6800B645F0 /* Storyboards */,
				1FC438832A3C999600B645F0 /* Assets.xcassets */,
			);
			path = SpringAnimationHW;
			sourceTree = "<group>";
		};
		1FC438912A3C9A4B00B645F0 /* Config */ = {
			isa = PBXGroup;
			children = (
				1FC4387A2A3C999300B645F0 /* AppDelegate.swift */,
				1FC4387C2A3C999300B645F0 /* SceneDelegate.swift */,
				1FC438882A3C999600B645F0 /* Info.plist */,
			);
			path = Config;
			sourceTree = "<group>";
		};
		1FC438922A3C9A6800B645F0 /* Storyboards */ = {
			isa = PBXGroup;
			children = (
				1FC438802A3C999300B645F0 /* Main.storyboard */,
				1FC438852A3C999600B645F0 /* LaunchScreen.storyboard */,
			);
			path = Storyboards;
			sourceTree = "<group>";
		};
		1FC438932A3C9A7300B645F0 /* View Controllers */ = {
			isa = PBXGroup;
			children = (
				1FC4387E2A3C999300B645F0 /* ViewController.swift */,
			);
			path = "View Controllers";
			sourceTree = "<group>";
		};
		1FC438962A3C9B0100B645F0 /* Services */ = {
			isa = PBXGroup;
			children = (
				1FC438942A3C9AC400B645F0 /* SpringInfoStore.swift */,
			);
			path = Services;
			sourceTree = "<group>";
		};
/* End PBXGroup section */

/* Begin PBXNativeTarget section */
		1FC438762A3C999300B645F0 /* SpringAnimationHW */ = {
			isa = PBXNativeTarget;
			buildConfigurationList = 1FC4388B2A3C999600B645F0 /* Build configuration list for PBXNativeTarget "SpringAnimationHW" */;
			buildPhases = (
				1FC438732A3C999300B645F0 /* Sources */,
				1FC438742A3C999300B645F0 /* Frameworks */,
				1FC438752A3C999300B645F0 /* Resources */,
			);
			buildRules = (
			);
			dependencies = (
			);
			name = SpringAnimationHW;
			packageProductDependencies = (
				1FC4388F2A3C9A3900B645F0 /* SpringAnimation */,
			);
			productName = SpringAnimationHW;
			productReference = 1FC438772A3C999300B645F0 /* SpringAnimationHW.app */;
			productType = "com.apple.product-type.application";
		};
/* End PBXNativeTarget section */

/* Begin PBXProject section */
		1FC4386F2A3C999300B645F0 /* Project object */ = {
			isa = PBXProject;
			attributes = {
				BuildIndependentTargetsInParallel = 1;
				LastSwiftUpdateCheck = 1430;
				LastUpgradeCheck = 1430;
				TargetAttributes = {
					1FC438762A3C999300B645F0 = {
						CreatedOnToolsVersion = 14.3;
					};
				};
			};
			buildConfigurationList = 1FC438722A3C999300B645F0 /* Build configuration list for PBXProject "SpringAnimationHW" */;
			compatibilityVersion = "Xcode 14.0";
			developmentRegion = en;
			hasScannedForEncodings = 0;
			knownRegions = (
				en,
				Base,
			);
			mainGroup = 1FC4386E2A3C999300B645F0;
			packageReferences = (
				1FC4388E2A3C9A3900B645F0 /* XCRemoteSwiftPackageReference "SpringAnimation" */,
			);
			productRefGroup = 1FC438782A3C999300B645F0 /* Products */;
			projectDirPath = "";
			projectRoot = "";
			targets = (
				1FC438762A3C999300B645F0 /* SpringAnimationHW */,
			);
		};
/* End PBXProject section */

/* Begin PBXResourcesBuildPhase section */
		1FC438752A3C999300B645F0 /* Resources */ = {
			isa = PBXResourcesBuildPhase;
			buildActionMask = 2147483647;
			files = (
				1FC438872A3C999600B645F0 /* LaunchScreen.storyboard in Resources */,
				1FC438842A3C999600B645F0 /* Assets.xcassets in Resources */,
				1FC438822A3C999300B645F0 /* Main.storyboard in Resources */,
			);
			runOnlyForDeploymentPostprocessing = 0;
		};
/* End PBXResourcesBuildPhase section */

/* Begin PBXSourcesBuildPhase section */
		1FC438732A3C999300B645F0 /* Sources */ = {
			isa = PBXSourcesBuildPhase;
			buildActionMask = 2147483647;
			files = (
				1FC438952A3C9AC400B645F0 /* SpringInfoStore.swift in Sources */,
				1FC4387F2A3C999300B645F0 /* ViewController.swift in Sources */,
				1FC4387B2A3C999300B645F0 /* AppDelegate.swift in Sources */,
				1FC4387D2A3C999300B645F0 /* SceneDelegate.swift in Sources */,
			);
			runOnlyForDeploymentPostprocessing = 0;
		};
/* End PBXSourcesBuildPhase section */

/* Begin PBXVariantGroup section */
		1FC438802A3C999300B645F0 /* Main.storyboard */ = {
			isa = PBXVariantGroup;
			children = (
				1FC438812A3C999300B645F0 /* Base */,
			);
			name = Main.storyboard;
			sourceTree = "<group>";
		};
		1FC438852A3C999600B645F0 /* LaunchScreen.storyboard */ = {
			isa = PBXVariantGroup;
			children = (
				1FC438862A3C999600B645F0 /* Base */,
			);
			name = LaunchScreen.storyboard;
			sourceTree = "<group>";
		};
/* End PBXVariantGroup section */

/* Begin XCBuildConfiguration section */
		1FC438892A3C999600B645F0 /* Debug */ = {
			isa = XCBuildConfiguration;
			buildSettings = {
				ALWAYS_SEARCH_USER_PATHS = NO;
				CLANG_ANALYZER_NONNULL = YES;
				CLANG_ANALYZER_NUMBER_OBJECT_CONVERSION = YES_AGGRESSIVE;
				CLANG_CXX_LANGUAGE_STANDARD = "gnu++20";
				CLANG_ENABLE_MODULES = YES;
				CLANG_ENABLE_OBJC_ARC = YES;
				CLANG_ENABLE_OBJC_WEAK = YES;
				CLANG_WARN_BLOCK_CAPTURE_AUTORELEASING = YES;
				CLANG_WARN_BOOL_CONVERSION = YES;
				CLANG_WARN_COMMA = YES;
				CLANG_WARN_CONSTANT_CONVERSION = YES;
				CLANG_WARN_DEPRECATED_OBJC_IMPLEMENTATIONS = YES;
				CLANG_WARN_DIRECT_OBJC_ISA_USAGE = YES_ERROR;
				CLANG_WARN_DOCUMENTATION_COMMENTS = YES;
				CLANG_WARN_EMPTY_BODY = YES;
				CLANG_WARN_ENUM_CONVERSION = YES;
				CLANG_WARN_INFINITE_RECURSION = YES;
				CLANG_WARN_INT_CONVERSION = YES;
				CLANG_WARN_NON_LITERAL_NULL_CONVERSION = YES;
				CLANG_WARN_OBJC_IMPLICIT_RETAIN_SELF = YES;
				CLANG_WARN_OBJC_LITERAL_CONVERSION = YES;
				CLANG_WARN_OBJC_ROOT_CLASS = YES_ERROR;
				CLANG_WARN_QUOTED_INCLUDE_IN_FRAMEWORK_HEADER = YES;
				CLANG_WARN_RANGE_LOOP_ANALYSIS = YES;
				CLANG_WARN_STRICT_PROTOTYPES = YES;
				CLANG_WARN_SUSPICIOUS_MOVE = YES;
				CLANG_WARN_UNGUARDED_AVAILABILITY = YES_AGGRESSIVE;
				CLANG_WARN_UNREACHABLE_CODE = YES;
				CLANG_WARN__DUPLICATE_METHOD_MATCH = YES;
				COPY_PHASE_STRIP = NO;
				DEBUG_INFORMATION_FORMAT = dwarf;
				ENABLE_STRICT_OBJC_MSGSEND = YES;
				ENABLE_TESTABILITY = YES;
				GCC_C_LANGUAGE_STANDARD = gnu11;
				GCC_DYNAMIC_NO_PIC = NO;
				GCC_NO_COMMON_BLOCKS = YES;
				GCC_OPTIMIZATION_LEVEL = 0;
				GCC_PREPROCESSOR_DEFINITIONS = (
					"DEBUG=1",
					"$(inherited)",
				);
				GCC_WARN_64_TO_32_BIT_CONVERSION = YES;
				GCC_WARN_ABOUT_RETURN_TYPE = YES_ERROR;
				GCC_WARN_UNDECLARED_SELECTOR = YES;
				GCC_WARN_UNINITIALIZED_AUTOS = YES_AGGRESSIVE;
				GCC_WARN_UNUSED_FUNCTION = YES;
				GCC_WARN_UNUSED_VARIABLE = YES;
				IPHONEOS_DEPLOYMENT_TARGET = 16.4;
				MTL_ENABLE_DEBUG_INFO = INCLUDE_SOURCE;
				MTL_FAST_MATH = YES;
				ONLY_ACTIVE_ARCH = YES;
				SDKROOT = iphoneos;
				SWIFT_ACTIVE_COMPILATION_CONDITIONS = DEBUG;
				SWIFT_OPTIMIZATION_LEVEL = "-Onone";
			};
			name = Debug;
		};
		1FC4388A2A3C999600B645F0 /* Release */ = {
			isa = XCBuildConfiguration;
			buildSettings = {
				ALWAYS_SEARCH_USER_PATHS = NO;
				CLANG_ANALYZER_NONNULL = YES;
				CLANG_ANALYZER_NUMBER_OBJECT_CONVERSION = YES_AGGRESSIVE;
				CLANG_CXX_LANGUAGE_STANDARD = "gnu++20";
				CLANG_ENABLE_MODULES = YES;
				CLANG_ENABLE_OBJC_ARC = YES;
				CLANG_ENABLE_OBJC_WEAK = YES;
				CLANG_WARN_BLOCK_CAPTURE_AUTORELEASING = YES;
				CLANG_WARN_BOOL_CONVERSION = YES;
				CLANG_WARN_COMMA = YES;
				CLANG_WARN_CONSTANT_CONVERSION = YES;
				CLANG_WARN_DEPRECATED_OBJC_IMPLEMENTATIONS = YES;
				CLANG_WARN_DIRECT_OBJC_ISA_USAGE = YES_ERROR;
				CLANG_WARN_DOCUMENTATION_COMMENTS = YES;
				CLANG_WARN_EMPTY_BODY = YES;
				CLANG_WARN_ENUM_CONVERSION = YES;
				CLANG_WARN_INFINITE_RECURSION = YES;
				CLANG_WARN_INT_CONVERSION = YES;
				CLANG_WARN_NON_LITERAL_NULL_CONVERSION = YES;
				CLANG_WARN_OBJC_IMPLICIT_RETAIN_SELF = YES;
				CLANG_WARN_OBJC_LITERAL_CONVERSION = YES;
				CLANG_WARN_OBJC_ROOT_CLASS = YES_ERROR;
				CLANG_WARN_QUOTED_INCLUDE_IN_FRAMEWORK_HEADER = YES;
				CLANG_WARN_RANGE_LOOP_ANALYSIS = YES;
				CLANG_WARN_STRICT_PROTOTYPES = YES;
				CLANG_WARN_SUSPICIOUS_MOVE = YES;
				CLANG_WARN_UNGUARDED_AVAILABILITY = YES_AGGRESSIVE;
				CLANG_WARN_UNREACHABLE_CODE = YES;
				CLANG_WARN__DUPLICATE_METHOD_MATCH = YES;
				COPY_PHASE_STRIP = NO;
				DEBUG_INFORMATION_FORMAT = "dwarf-with-dsym";
				ENABLE_NS_ASSERTIONS = NO;
				ENABLE_STRICT_OBJC_MSGSEND = YES;
				GCC_C_LANGUAGE_STANDARD = gnu11;
				GCC_NO_COMMON_BLOCKS = YES;
				GCC_WARN_64_TO_32_BIT_CONVERSION = YES;
				GCC_WARN_ABOUT_RETURN_TYPE = YES_ERROR;
				GCC_WARN_UNDECLARED_SELECTOR = YES;
				GCC_WARN_UNINITIALIZED_AUTOS = YES_AGGRESSIVE;
				GCC_WARN_UNUSED_FUNCTION = YES;
				GCC_WARN_UNUSED_VARIABLE = YES;
				IPHONEOS_DEPLOYMENT_TARGET = 16.4;
				MTL_ENABLE_DEBUG_INFO = NO;
				MTL_FAST_MATH = YES;
				SDKROOT = iphoneos;
				SWIFT_COMPILATION_MODE = wholemodule;
				SWIFT_OPTIMIZATION_LEVEL = "-O";
				VALIDATE_PRODUCT = YES;
			};
			name = Release;
		};
		1FC4388C2A3C999600B645F0 /* Debug */ = {
			isa = XCBuildConfiguration;
			buildSettings = {
				ASSETCATALOG_COMPILER_APPICON_NAME = AppIcon;
				ASSETCATALOG_COMPILER_GLOBAL_ACCENT_COLOR_NAME = AccentColor;
				CODE_SIGN_STYLE = Automatic;
				CURRENT_PROJECT_VERSION = 1;
				DEVELOPMENT_TEAM = HUJ988ZQ9U;
				GENERATE_INFOPLIST_FILE = YES;
				INFOPLIST_FILE = SpringAnimationHW/Config/Info.plist;
				INFOPLIST_KEY_UIApplicationSupportsIndirectInputEvents = YES;
				INFOPLIST_KEY_UILaunchStoryboardName = LaunchScreen;
				INFOPLIST_KEY_UIMainStoryboardFile = Main;
				INFOPLIST_KEY_UISupportedInterfaceOrientations_iPad = "UIInterfaceOrientationPortrait UIInterfaceOrientationPortraitUpsideDown UIInterfaceOrientationLandscapeLeft UIInterfaceOrientationLandscapeRight";
				INFOPLIST_KEY_UISupportedInterfaceOrientations_iPhone = "UIInterfaceOrientationPortrait UIInterfaceOrientationLandscapeLeft UIInterfaceOrientationLandscapeRight";
				LD_RUNPATH_SEARCH_PATHS = (
					"$(inherited)",
					"@executable_path/Frameworks",
				);
				MARKETING_VERSION = 1.0;
				PRODUCT_BUNDLE_IDENTIFIER = mamlygo.SpringAnimationHW;
				PRODUCT_NAME = "$(TARGET_NAME)";
				SWIFT_EMIT_LOC_STRINGS = YES;
				SWIFT_VERSION = 5.0;
				TARGETED_DEVICE_FAMILY = "1,2";
			};
			name = Debug;
		};
		1FC4388D2A3C999600B645F0 /* Release */ = {
			isa = XCBuildConfiguration;
			buildSettings = {
				ASSETCATALOG_COMPILER_APPICON_NAME = AppIcon;
				ASSETCATALOG_COMPILER_GLOBAL_ACCENT_COLOR_NAME = AccentColor;
				CODE_SIGN_STYLE = Automatic;
				CURRENT_PROJECT_VERSION = 1;
				DEVELOPMENT_TEAM = HUJ988ZQ9U;
				GENERATE_INFOPLIST_FILE = YES;
				INFOPLIST_FILE = SpringAnimationHW/Config/Info.plist;
				INFOPLIST_KEY_UIApplicationSupportsIndirectInputEvents = YES;
				INFOPLIST_KEY_UILaunchStoryboardName = LaunchScreen;
				INFOPLIST_KEY_UIMainStoryboardFile = Main;
				INFOPLIST_KEY_UISupportedInterfaceOrientations_iPad = "UIInterfaceOrientationPortrait UIInterfaceOrientationPortraitUpsideDown UIInterfaceOrientationLandscapeLeft UIInterfaceOrientationLandscapeRight";
				INFOPLIST_KEY_UISupportedInterfaceOrientations_iPhone = "UIInterfaceOrientationPortrait UIInterfaceOrientationLandscapeLeft UIInterfaceOrientationLandscapeRight";
				LD_RUNPATH_SEARCH_PATHS = (
					"$(inherited)",
					"@executable_path/Frameworks",
				);
				MARKETING_VERSION = 1.0;
				PRODUCT_BUNDLE_IDENTIFIER = mamlygo.SpringAnimationHW;
				PRODUCT_NAME = "$(TARGET_NAME)";
				SWIFT_EMIT_LOC_STRINGS = YES;
				SWIFT_VERSION = 5.0;
				TARGETED_DEVICE_FAMILY = "1,2";
			};
			name = Release;
		};
/* End XCBuildConfiguration section */

/* Begin XCConfigurationList section */
		1FC438722A3C999300B645F0 /* Build configuration list for PBXProject "SpringAnimationHW" */ = {
			isa = XCConfigurationList;
			buildConfigurations = (
				1FC438892A3C999600B645F0 /* Debug */,
				1FC4388A2A3C999600B645F0 /* Release */,
			);
			defaultConfigurationIsVisible = 0;
			defaultConfigurationName = Release;
		};
		1FC4388B2A3C999600B645F0 /* Build configuration list for PBXNativeTarget "SpringAnimationHW" */ = {
			isa = XCConfigurationList;
			buildConfigurations = (
				1FC4388C2A3C999600B645F0 /* Debug */,
				1FC4388D2A3C999600B645F0 /* Release */,
			);
			defaultConfigurationIsVisible = 0;
			defaultConfigurationName = Release;
		};
/* End XCConfigurationList section */

/* Begin XCRemoteSwiftPackageReference section */
		1FC4388E2A3C9A3900B645F0 /* XCRemoteSwiftPackageReference "SpringAnimation" */ = {
			isa = XCRemoteSwiftPackageReference;
			repositoryURL = "https://github.com/LexDeBash/SpringAnimation";
			requirement = {
				kind = upToNextMajorVersion;
				minimumVersion = 0.3.0;
			};
		};
/* End XCRemoteSwiftPackageReference section */

/* Begin XCSwiftPackageProductDependency section */
		1FC4388F2A3C9A3900B645F0 /* SpringAnimation */ = {
			isa = XCSwiftPackageProductDependency;
			package = 1FC4388E2A3C9A3900B645F0 /* XCRemoteSwiftPackageReference "SpringAnimation" */;
			productName = SpringAnimation;
		};
/* End XCSwiftPackageProductDependency section */
	};
	rootObject = 1FC4386F2A3C999300B645F0 /* Project object */;
}
